# THIS IS AN AUTOGENERATED FILE. DO NOT EDIT THIS FILE DIRECTLY.
# yarn lockfile v1


elm-hot@^1.0.1:
  version "1.0.1"
  resolved "https://registry.yarnpkg.com/elm-hot/-/elm-hot-1.0.1.tgz#12751fc41ecf1ddc58b5492114d6f77395d3a440"
  integrity sha512-C6VEX3TqVJv+OhUKMMb2mcaSuRArqvCFNItqxue81/mlfX4PWwvovE5vqocgO3AnrStyHElCRm0KNknfDttEBw==
